// !$*UTF8*$!
{
	archiveVersion = 1;
	classes = {
	};
	objectVersion = 48;
	objects = {

/* Begin PBXBuildFile section */
		1CE9502B2062430A0082A080 /* AppDelegate.swift in Sources */ = {isa = PBXBuildFile; fileRef = 1CE9502A2062430A0082A080 /* AppDelegate.swift */; };
		1CE9502D2062430A0082A080 /* ViewController.swift in Sources */ = {isa = PBXBuildFile; fileRef = 1CE9502C2062430A0082A080 /* ViewController.swift */; };
		1CE950302062430A0082A080 /* Main.storyboard in Resources */ = {isa = PBXBuildFile; fileRef = 1CE9502E2062430A0082A080 /* Main.storyboard */; };
		1CE950332062430A0082A080 /* TodoAppCollection.xcdatamodeld in Sources */ = {isa = PBXBuildFile; fileRef = 1CE950312062430A0082A080 /* TodoAppCollection.xcdatamodeld */; };
		1CE950352062430A0082A080 /* Assets.xcassets in Resources */ = {isa = PBXBuildFile; fileRef = 1CE950342062430A0082A080 /* Assets.xcassets */; };
		1CE950382062430A0082A080 /* LaunchScreen.storyboard in Resources */ = {isa = PBXBuildFile; fileRef = 1CE950362062430A0082A080 /* LaunchScreen.storyboard */; };
		1CE950432062430A0082A080 /* TodoAppCollectionTests.swift in Sources */ = {isa = PBXBuildFile; fileRef = 1CE950422062430A0082A080 /* TodoAppCollectionTests.swift */; };
		1CE9504E2062430A0082A080 /* TodoAppCollectionUITests.swift in Sources */ = {isa = PBXBuildFile; fileRef = 1CE9504D2062430A0082A080 /* TodoAppCollectionUITests.swift */; };
		1CE9505C206244960082A080 /* CustomCollectionViewCell.swift in Sources */ = {isa = PBXBuildFile; fileRef = 1CE9505B206244960082A080 /* CustomCollectionViewCell.swift */; };
/* End PBXBuildFile section */

/* Begin PBXContainerItemProxy section */
		1CE9503F2062430A0082A080 /* PBXContainerItemProxy */ = {
			isa = PBXContainerItemProxy;
			containerPortal = 1CE9501F206243090082A080 /* Project object */;
			proxyType = 1;
			remoteGlobalIDString = 1CE95026206243090082A080;
			remoteInfo = TodoAppCollection;
		};
		1CE9504A2062430A0082A080 /* PBXContainerItemProxy */ = {
			isa = PBXContainerItemProxy;
			containerPortal = 1CE9501F206243090082A080 /* Project object */;
			proxyType = 1;
			remoteGlobalIDString = 1CE95026206243090082A080;
			remoteInfo = TodoAppCollection;
		};
/* End PBXContainerItemProxy section */

/* Begin PBXFileReference section */
		1CE95027206243090082A080 /* TodoAppCollection.app */ = {isa = PBXFileReference; explicitFileType = wrapper.application; includeInIndex = 0; path = TodoAppCollection.app; sourceTree = BUILT_PRODUCTS_DIR; };
		1CE9502A2062430A0082A080 /* AppDelegate.swift */ = {isa = PBXFileReference; lastKnownFileType = sourcecode.swift; path = AppDelegate.swift; sourceTree = "<group>"; };
		1CE9502C2062430A0082A080 /* ViewController.swift */ = {isa = PBXFileReference; lastKnownFileType = sourcecode.swift; path = ViewController.swift; sourceTree = "<group>"; };
		1CE9502F2062430A0082A080 /* Base */ = {isa = PBXFileReference; lastKnownFileType = file.storyboard; name = Base; path = Base.lproj/Main.storyboard; sourceTree = "<group>"; };
		1CE950322062430A0082A080 /* TodoAppCollection.xcdatamodel */ = {isa = PBXFileReference; lastKnownFileType = wrapper.xcdatamodel; path = TodoAppCollection.xcdatamodel; sourceTree = "<group>"; };
		1CE950342062430A0082A080 /* Assets.xcassets */ = {isa = PBXFileReference; lastKnownFileType = folder.assetcatalog; path = Assets.xcassets; sourceTree = "<group>"; };
		1CE950372062430A0082A080 /* Base */ = {isa = PBXFileReference; lastKnownFileType = file.storyboard; name = Base; path = Base.lproj/LaunchScreen.storyboard; sourceTree = "<group>"; };
		1CE950392062430A0082A080 /* Info.plist */ = {isa = PBXFileReference; lastKnownFileType = text.plist.xml; path = Info.plist; sourceTree = "<group>"; };
		1CE9503E2062430A0082A080 /* TodoAppCollectionTests.xctest */ = {isa = PBXFileReference; explicitFileType = wrapper.cfbundle; includeInIndex = 0; path = TodoAppCollectionTests.xctest; sourceTree = BUILT_PRODUCTS_DIR; };
		1CE950422062430A0082A080 /* TodoAppCollectionTests.swift */ = {isa = PBXFileReference; lastKnownFileType = sourcecode.swift; path = TodoAppCollectionTests.swift; sourceTree = "<group>"; };
		1CE950442062430A0082A080 /* Info.plist */ = {isa = PBXFileReference; lastKnownFileType = text.plist.xml; path = Info.plist; sourceTree = "<group>"; };
		1CE950492062430A0082A080 /* TodoAppCollectionUITests.xctest */ = {isa = PBXFileReference; explicitFileType = wrapper.cfbundle; includeInIndex = 0; path = TodoAppCollectionUITests.xctest; sourceTree = BUILT_PRODUCTS_DIR; };
		1CE9504D2062430A0082A080 /* TodoAppCollectionUITests.swift */ = {isa = PBXFileReference; lastKnownFileType = sourcecode.swift; path = TodoAppCollectionUITests.swift; sourceTree = "<group>"; };
		1CE9504F2062430A0082A080 /* Info.plist */ = {isa = PBXFileReference; lastKnownFileType = text.plist.xml; path = Info.plist; sourceTree = "<group>"; };
		1CE9505B206244960082A080 /* CustomCollectionViewCell.swift */ = {isa = PBXFileReference; lastKnownFileType = sourcecode.swift; path = CustomCollectionViewCell.swift; sourceTree = "<group>"; };
/* End PBXFileReference section */

/* Begin PBXFrameworksBuildPhase section */
		1CE95024206243090082A080 /* Frameworks */ = {
			isa = PBXFrameworksBuildPhase;
			buildActionMask = 2147483647;
			files = (
			);
			runOnlyForDeploymentPostprocessing = 0;
		};
		1CE9503B2062430A0082A080 /* Frameworks */ = {
			isa = PBXFrameworksBuildPhase;
			buildActionMask = 2147483647;
			files = (
			);
			runOnlyForDeploymentPostprocessing = 0;
		};
		1CE950462062430A0082A080 /* Frameworks */ = {
			isa = PBXFrameworksBuildPhase;
			buildActionMask = 2147483647;
			files = (
			);
			runOnlyForDeploymentPostprocessing = 0;
		};
/* End PBXFrameworksBuildPhase section */

/* Begin PBXGroup section */
		1CE9501E206243090082A080 = {
			isa = PBXGroup;
			children = (
				1CE95029206243090082A080 /* TodoAppCollection */,
				1CE950412062430A0082A080 /* TodoAppCollectionTests */,
				1CE9504C2062430A0082A080 /* TodoAppCollectionUITests */,
				1CE95028206243090082A080 /* Products */,
			);
			sourceTree = "<group>";
		};
		1CE95028206243090082A080 /* Products */ = {
			isa = PBXGroup;
			children = (
				1CE95027206243090082A080 /* TodoAppCollection.app */,
				1CE9503E2062430A0082A080 /* TodoAppCollectionTests.xctest */,
				1CE950492062430A0082A080 /* TodoAppCollectionUITests.xctest */,
			);
			name = Products;
			sourceTree = "<group>";
		};
		1CE95029206243090082A080 /* TodoAppCollection */ = {
			isa = PBXGroup;
			children = (
				1CE9502A2062430A0082A080 /* AppDelegate.swift */,
				1CE9502C2062430A0082A080 /* ViewController.swift */,
				1CE9505B206244960082A080 /* CustomCollectionViewCell.swift */,
				1CE9502E2062430A0082A080 /* Main.storyboard */,
				1CE950342062430A0082A080 /* Assets.xcassets */,
				1CE950362062430A0082A080 /* LaunchScreen.storyboard */,
				1CE950392062430A0082A080 /* Info.plist */,
				1CE950312062430A0082A080 /* TodoAppCollection.xcdatamodeld */,
			);
			path = TodoAppCollection;
			sourceTree = "<group>";
		};
		1CE950412062430A0082A080 /* TodoAppCollectionTests */ = {
			isa = PBXGroup;
			children = (
				1CE950422062430A0082A080 /* TodoAppCollectionTests.swift */,
				1CE950442062430A0082A080 /* Info.plist */,
			);
			path = TodoAppCollectionTests;
			sourceTree = "<group>";
		};
		1CE9504C2062430A0082A080 /* TodoAppCollectionUITests */ = {
			isa = PBXGroup;
			children = (
				1CE9504D2062430A0082A080 /* TodoAppCollectionUITests.swift */,
				1CE9504F2062430A0082A080 /* Info.plist */,
			);
			path = TodoAppCollectionUITests;
			sourceTree = "<group>";
		};
/* End PBXGroup section */

/* Begin PBXNativeTarget section */
		1CE95026206243090082A080 /* TodoAppCollection */ = {
			isa = PBXNativeTarget;
			buildConfigurationList = 1CE950522062430A0082A080 /* Build configuration list for PBXNativeTarget "TodoAppCollection" */;
			buildPhases = (
				1CE95023206243090082A080 /* Sources */,
				1CE95024206243090082A080 /* Frameworks */,
				1CE95025206243090082A080 /* Resources */,
			);
			buildRules = (
			);
			dependencies = (
			);
			name = TodoAppCollection;
			productName = TodoAppCollection;
			productReference = 1CE95027206243090082A080 /* TodoAppCollection.app */;
			productType = "com.apple.product-type.application";
		};
		1CE9503D2062430A0082A080 /* TodoAppCollectionTests */ = {
			isa = PBXNativeTarget;
			buildConfigurationList = 1CE950552062430A0082A080 /* Build configuration list for PBXNativeTarget "TodoAppCollectionTests" */;
			buildPhases = (
				1CE9503A2062430A0082A080 /* Sources */,
				1CE9503B2062430A0082A080 /* Frameworks */,
				1CE9503C2062430A0082A080 /* Resources */,
			);
			buildRules = (
			);
			dependencies = (
				1CE950402062430A0082A080 /* PBXTargetDependency */,
			);
			name = TodoAppCollectionTests;
			productName = TodoAppCollectionTests;
			productReference = 1CE9503E2062430A0082A080 /* TodoAppCollectionTests.xctest */;
			productType = "com.apple.product-type.bundle.unit-test";
		};
		1CE950482062430A0082A080 /* TodoAppCollectionUITests */ = {
			isa = PBXNativeTarget;
			buildConfigurationList = 1CE950582062430A0082A080 /* Build configuration list for PBXNativeTarget "TodoAppCollectionUITests" */;
			buildPhases = (
				1CE950452062430A0082A080 /* Sources */,
				1CE950462062430A0082A080 /* Frameworks */,
				1CE950472062430A0082A080 /* Resources */,
			);
			buildRules = (
			);
			dependencies = (
				1CE9504B2062430A0082A080 /* PBXTargetDependency */,
			);
			name = TodoAppCollectionUITests;
			productName = TodoAppCollectionUITests;
			productReference = 1CE950492062430A0082A080 /* TodoAppCollectionUITests.xctest */;
			productType = "com.apple.product-type.bundle.ui-testing";
		};
/* End PBXNativeTarget section */

/* Begin PBXProject section */
		1CE9501F206243090082A080 /* Project object */ = {
			isa = PBXProject;
			attributes = {
				LastSwiftUpdateCheck = 0920;
				LastUpgradeCheck = 0920;
				ORGANIZATIONNAME = Ross;
				TargetAttributes = {
					1CE95026206243090082A080 = {
						CreatedOnToolsVersion = 9.2;
						ProvisioningStyle = Automatic;
					};
					1CE9503D2062430A0082A080 = {
						CreatedOnToolsVersion = 9.2;
						ProvisioningStyle = Automatic;
						TestTargetID = 1CE95026206243090082A080;
					};
					1CE950482062430A0082A080 = {
						CreatedOnToolsVersion = 9.2;
						ProvisioningStyle = Automatic;
						TestTargetID = 1CE95026206243090082A080;
					};
				};
			};
			buildConfigurationList = 1CE95022206243090082A080 /* Build configuration list for PBXProject "TodoAppCollection" */;
			compatibilityVersion = "Xcode 8.0";
			developmentRegion = en;
			hasScannedForEncodings = 0;
			knownRegions = (
				en,
				Base,
			);
			mainGroup = 1CE9501E206243090082A080;
			productRefGroup = 1CE95028206243090082A080 /* Products */;
			projectDirPath = "";
			projectRoot = "";
			targets = (
				1CE95026206243090082A080 /* TodoAppCollection */,
				1CE9503D2062430A0082A080 /* TodoAppCollectionTests */,
				1CE950482062430A0082A080 /* TodoAppCollectionUITests */,
			);
		};
/* End PBXProject section */

/* Begin PBXResourcesBuildPhase section */
		1CE95025206243090082A080 /* Resources */ = {
			isa = PBXResourcesBuildPhase;
			buildActionMask = 2147483647;
			files = (
				1CE950382062430A0082A080 /* LaunchScreen.storyboard in Resources */,
				1CE950352062430A0082A080 /* Assets.xcassets in Resources */,
				1CE950302062430A0082A080 /* Main.storyboard in Resources */,
			);
			runOnlyForDeploymentPostprocessing = 0;
		};
		1CE9503C2062430A0082A080 /* Resources */ = {
			isa = PBXResourcesBuildPhase;
			buildActionMask = 2147483647;
			files = (
			);
			runOnlyForDeploymentPostprocessing = 0;
		};
		1CE950472062430A0082A080 /* Resources */ = {
			isa = PBXResourcesBuildPhase;
			buildActionMask = 2147483647;
			files = (
			);
			runOnlyForDeploymentPostprocessing = 0;
		};
/* End PBXResourcesBuildPhase section */

/* Begin PBXSourcesBuildPhase section */
		1CE95023206243090082A080 /* Sources */ = {
			isa = PBXSourcesBuildPhase;
			buildActionMask = 2147483647;
			files = (
				1CE950332062430A0082A080 /* TodoAppCollection.xcdatamodeld in Sources */,
				1CE9502D2062430A0082A080 /* ViewController.swift in Sources */,
				1CE9502B2062430A0082A080 /* AppDelegate.swift in Sources */,
				1CE9505C206244960082A080 /* CustomCollectionViewCell.swift in Sources */,
			);
			runOnlyForDeploymentPostprocessing = 0;
		};
		1CE9503A2062430A0082A080 /* Sources */ = {
			isa = PBXSourcesBuildPhase;
			buildActionMask = 2147483647;
			files = (
				1CE950432062430A0082A080 /* TodoAppCollectionTests.swift in Sources */,
			);
			runOnlyForDeploymentPostprocessing = 0;
		};
		1CE950452062430A0082A080 /* Sources */ = {
			isa = PBXSourcesBuildPhase;
			buildActionMask = 2147483647;
			files = (
				1CE9504E2062430A0082A080 /* TodoAppCollectionUITests.swift in Sources */,
			);
			runOnlyForDeploymentPostprocessing = 0;
		};
/* End PBXSourcesBuildPhase section */

/* Begin PBXTargetDependency section */
		1CE950402062430A0082A080 /* PBXTargetDependency */ = {
			isa = PBXTargetDependency;
			target = 1CE95026206243090082A080 /* TodoAppCollection */;
			targetProxy = 1CE9503F2062430A0082A080 /* PBXContainerItemProxy */;
		};
		1CE9504B2062430A0082A080 /* PBXTargetDependency */ = {
			isa = PBXTargetDependency;
			target = 1CE95026206243090082A080 /* TodoAppCollection */;
			targetProxy = 1CE9504A2062430A0082A080 /* PBXContainerItemProxy */;
		};
/* End PBXTargetDependency section */

/* Begin PBXVariantGroup section */
		1CE9502E2062430A0082A080 /* Main.storyboard */ = {
			isa = PBXVariantGroup;
			children = (
				1CE9502F2062430A0082A080 /* Base */,
			);
			name = Main.storyboard;
			sourceTree = "<group>";
		};
		1CE950362062430A0082A080 /* LaunchScreen.storyboard */ = {
			isa = PBXVariantGroup;
			children = (
				1CE950372062430A0082A080 /* Base */,
			);
			name = LaunchScreen.storyboard;
			sourceTree = "<group>";
		};
/* End PBXVariantGroup section */

/* Begin XCBuildConfiguration section */
		1CE950502062430A0082A080 /* Debug */ = {
			isa = XCBuildConfiguration;
			buildSettings = {
				ALWAYS_SEARCH_USER_PATHS = NO;
				CLANG_ANALYZER_NONNULL = YES;
				CLANG_ANALYZER_NUMBER_OBJECT_CONVERSION = YES_AGGRESSIVE;
				CLANG_CXX_LANGUAGE_STANDARD = "gnu++14";
				CLANG_CXX_LIBRARY = "libc++";
				CLANG_ENABLE_MODULES = YES;
				CLANG_ENABLE_OBJC_ARC = YES;
				CLANG_WARN_BLOCK_CAPTURE_AUTORELEASING = YES;
				CLANG_WARN_BOOL_CONVERSION = YES;
				CLANG_WARN_COMMA = YES;
				CLANG_WARN_CONSTANT_CONVERSION = YES;
				CLANG_WARN_DIRECT_OBJC_ISA_USAGE = YES_ERROR;
				CLANG_WARN_DOCUMENTATION_COMMENTS = YES;
				CLANG_WARN_EMPTY_BODY = YES;
				CLANG_WARN_ENUM_CONVERSION = YES;
				CLANG_WARN_INFINITE_RECURSION = YES;
				CLANG_WARN_INT_CONVERSION = YES;
				CLANG_WARN_NON_LITERAL_NULL_CONVERSION = YES;
				CLANG_WARN_OBJC_LITERAL_CONVERSION = YES;
				CLANG_WARN_OBJC_ROOT_CLASS = YES_ERROR;
				CLANG_WARN_RANGE_LOOP_ANALYSIS = YES;
				CLANG_WARN_STRICT_PROTOTYPES = YES;
				CLANG_WARN_SUSPICIOUS_MOVE = YES;
				CLANG_WARN_UNGUARDED_AVAILABILITY = YES_AGGRESSIVE;
				CLANG_WARN_UNREACHABLE_CODE = YES;
				CLANG_WARN__DUPLICATE_METHOD_MATCH = YES;
				CODE_SIGN_IDENTITY = "iPhone Developer";
				COPY_PHASE_STRIP = NO;
				DEBUG_INFORMATION_FORMAT = dwarf;
				ENABLE_STRICT_OBJC_MSGSEND = YES;
				ENABLE_TESTABILITY = YES;
				GCC_C_LANGUAGE_STANDARD = gnu11;
				GCC_DYNAMIC_NO_PIC = NO;
				GCC_NO_COMMON_BLOCKS = YES;
				GCC_OPTIMIZATION_LEVEL = 0;
				GCC_PREPROCESSOR_DEFINITIONS = (
					"DEBUG=1",
					"$(inherited)",
				);
				GCC_WARN_64_TO_32_BIT_CONVERSION = YES;
				GCC_WARN_ABOUT_RETURN_TYPE = YES_ERROR;
				GCC_WARN_UNDECLARED_SELECTOR = YES;
				GCC_WARN_UNINITIALIZED_AUTOS = YES_AGGRESSIVE;
				GCC_WARN_UNUSED_FUNCTION = YES;
				GCC_WARN_UNUSED_VARIABLE = YES;
				IPHONEOS_DEPLOYMENT_TARGET = 11.2;
				MTL_ENABLE_DEBUG_INFO = YES;
				ONLY_ACTIVE_ARCH = YES;
				SDKROOT = iphoneos;
				SWIFT_ACTIVE_COMPILATION_CONDITIONS = DEBUG;
				SWIFT_OPTIMIZATION_LEVEL = "-Onone";
			};
			name = Debug;
		};
		1CE950512062430A0082A080 /* Release */ = {
			isa = XCBuildConfiguration;
			buildSettings = {
				ALWAYS_SEARCH_USER_PATHS = NO;
				CLANG_ANALYZER_NONNULL = YES;
				CLANG_ANALYZER_NUMBER_OBJECT_CONVERSION = YES_AGGRESSIVE;
				CLANG_CXX_LANGUAGE_STANDARD = "gnu++14";
				CLANG_CXX_LIBRARY = "libc++";
				CLANG_ENABLE_MODULES = YES;
				CLANG_ENABLE_OBJC_ARC = YES;
				CLANG_WARN_BLOCK_CAPTURE_AUTORELEASING = YES;
				CLANG_WARN_BOOL_CONVERSION = YES;
				CLANG_WARN_COMMA = YES;
				CLANG_WARN_CONSTANT_CONVERSION = YES;
				CLANG_WARN_DIRECT_OBJC_ISA_USAGE = YES_ERROR;
				CLANG_WARN_DOCUMENTATION_COMMENTS = YES;
				CLANG_WARN_EMPTY_BODY = YES;
				CLANG_WARN_ENUM_CONVERSION = YES;
				CLANG_WARN_INFINITE_RECURSION = YES;
				CLANG_WARN_INT_CONVERSION = YES;
				CLANG_WARN_NON_LITERAL_NULL_CONVERSION = YES;
				CLANG_WARN_OBJC_LITERAL_CONVERSION = YES;
				CLANG_WARN_OBJC_ROOT_CLASS = YES_ERROR;
				CLANG_WARN_RANGE_LOOP_ANALYSIS = YES;
				CLANG_WARN_STRICT_PROTOTYPES = YES;
				CLANG_WARN_SUSPICIOUS_MOVE = YES;
				CLANG_WARN_UNGUARDED_AVAILABILITY = YES_AGGRESSIVE;
				CLANG_WARN_UNREACHABLE_CODE = YES;
				CLANG_WARN__DUPLICATE_METHOD_MATCH = YES;
				CODE_SIGN_IDENTITY = "iPhone Developer";
				COPY_PHASE_STRIP = NO;
				DEBUG_INFORMATION_FORMAT = "dwarf-with-dsym";
				ENABLE_NS_ASSERTIONS = NO;
				ENABLE_STRICT_OBJC_MSGSEND = YES;
				GCC_C_LANGUAGE_STANDARD = gnu11;
				GCC_NO_COMMON_BLOCKS = YES;
				GCC_WARN_64_TO_32_BIT_CONVERSION = YES;
				GCC_WARN_ABOUT_RETURN_TYPE = YES_ERROR;
				GCC_WARN_UNDECLARED_SELECTOR = YES;
				GCC_WARN_UNINITIALIZED_AUTOS = YES_AGGRESSIVE;
				GCC_WARN_UNUSED_FUNCTION = YES;
				GCC_WARN_UNUSED_VARIABLE = YES;
				IPHONEOS_DEPLOYMENT_TARGET = 11.2;
				MTL_ENABLE_DEBUG_INFO = NO;
				SDKROOT = iphoneos;
				SWIFT_OPTIMIZATION_LEVEL = "-Owholemodule";
				VALIDATE_PRODUCT = YES;
			};
			name = Release;
		};
		1CE950532062430A0082A080 /* Debug */ = {
			isa = XCBuildConfiguration;
			buildSettings = {
				ASSETCATALOG_COMPILER_APPICON_NAME = AppIcon;
				CODE_SIGN_STYLE = Automatic;
				INFOPLIST_FILE = TodoAppCollection/Info.plist;
				LD_RUNPATH_SEARCH_PATHS = "$(inherited) @executable_path/Frameworks";
				PRODUCT_BUNDLE_IDENTIFIER = MyRoss.TodoAppCollection;
				PRODUCT_NAME = "$(TARGET_NAME)";
				SWIFT_VERSION = 4.0;
				TARGETED_DEVICE_FAMILY = "1,2";
			};
			name = Debug;
		};
		1CE950542062430A0082A080 /* Release */ = {
			isa = XCBuildConfiguration;
			buildSettings = {
				ASSETCATALOG_COMPILER_APPICON_NAME = AppIcon;
				CODE_SIGN_STYLE = Automatic;
				INFOPLIST_FILE = TodoAppCollection/Info.plist;
				LD_RUNPATH_SEARCH_PATHS = "$(inherited) @executable_path/Frameworks";
				PRODUCT_BUNDLE_IDENTIFIER = MyRoss.TodoAppCollection;
				PRODUCT_NAME = "$(TARGET_NAME)";
				SWIFT_VERSION = 4.0;
				TARGETED_DEVICE_FAMILY = "1,2";
			};
			name = Release;
		};
		1CE950562062430A0082A080 /* Debug */ = {
			isa = XCBuildConfiguration;
			buildSettings = {
				ALWAYS_EMBED_SWIFT_STANDARD_LIBRARIES = YES;
				BUNDLE_LOADER = "$(TEST_HOST)";
				CODE_SIGN_STYLE = Automatic;
				INFOPLIST_FILE = TodoAppCollectionTests/Info.plist;
				LD_RUNPATH_SEARCH_PATHS = "$(inherited) @executable_path/Frameworks @loader_path/Frameworks";
				PRODUCT_BUNDLE_IDENTIFIER = MyRoss.TodoAppCollectionTests;
				PRODUCT_NAME = "$(TARGET_NAME)";
				SWIFT_VERSION = 4.0;
				TARGETED_DEVICE_FAMILY = "1,2";
				TEST_HOST = "$(BUILT_PRODUCTS_DIR)/TodoAppCollection.app/TodoAppCollection";
			};
			name = Debug;
		};
		1CE950572062430A0082A080 /* Release */ = {
			isa = XCBuildConfiguration;
			buildSettings = {
				ALWAYS_EMBED_SWIFT_STANDARD_LIBRARIES = YES;
				BUNDLE_LOADER = "$(TEST_HOST)";
				CODE_SIGN_STYLE = Automatic;
				INFOPLIST_FILE = TodoAppCollectionTests/Info.plist;
				LD_RUNPATH_SEARCH_PATHS = "$(inherited) @executable_path/Frameworks @loader_path/Frameworks";
				PRODUCT_BUNDLE_IDENTIFIER = MyRoss.TodoAppCollectionTests;
				PRODUCT_NAME = "$(TARGET_NAME)";
				SWIFT_VERSION = 4.0;
				TARGETED_DEVICE_FAMILY = "1,2";
				TEST_HOST = "$(BUILT_PRODUCTS_DIR)/TodoAppCollection.app/TodoAppCollection";
			};
			name = Release;
		};
		1CE950592062430A0082A080 /* Debug */ = {
			isa = XCBuildConfiguration;
			buildSettings = {
				ALWAYS_EMBED_SWIFT_STANDARD_LIBRARIES = YES;
				CODE_SIGN_STYLE = Automatic;
				INFOPLIST_FILE = TodoAppCollectionUITests/Info.plist;
				LD_RUNPATH_SEARCH_PATHS = "$(inherited) @executable_path/Frameworks @loader_path/Frameworks";
				PRODUCT_BUNDLE_IDENTIFIER = MyRoss.TodoAppCollectionUITests;
				PRODUCT_NAME = "$(TARGET_NAME)";
				SWIFT_VERSION = 4.0;
				TARGETED_DEVICE_FAMILY = "1,2";
				TEST_TARGET_NAME = TodoAppCollection;
			};
			name = Debug;
		};
		1CE9505A2062430A0082A080 /* Release */ = {
			isa = XCBuildConfiguration;
			buildSettings = {
				ALWAYS_EMBED_SWIFT_STANDARD_LIBRARIES = YES;
				CODE_SIGN_STYLE = Automatic;
				INFOPLIST_FILE = TodoAppCollectionUITests/Info.plist;
				LD_RUNPATH_SEARCH_PATHS = "$(inherited) @executable_path/Frameworks @loader_path/Frameworks";
				PRODUCT_BUNDLE_IDENTIFIER = MyRoss.TodoAppCollectionUITests;
				PRODUCT_NAME = "$(TARGET_NAME)";
				SWIFT_VERSION = 4.0;
				TARGETED_DEVICE_FAMILY = "1,2";
				TEST_TARGET_NAME = TodoAppCollection;
			};
			name = Release;
		};
/* End XCBuildConfiguration section */

/* Begin XCConfigurationList section */
		1CE95022206243090082A080 /* Build configuration list for PBXProject "TodoAppCollection" */ = {
			isa = XCConfigurationList;
			buildConfigurations = (
				1CE950502062430A0082A080 /* Debug */,
				1CE950512062430A0082A080 /* Release */,
			);
			defaultConfigurationIsVisible = 0;
			defaultConfigurationName = Release;
		};
		1CE950522062430A0082A080 /* Build configuration list for PBXNativeTarget "TodoAppCollection" */ = {
			isa = XCConfigurationList;
			buildConfigurations = (
				1CE950532062430A0082A080 /* Debug */,
				1CE950542062430A0082A080 /* Release */,
			);
			defaultConfigurationIsVisible = 0;
			defaultConfigurationName = Release;
		};
		1CE950552062430A0082A080 /* Build configuration list for PBXNativeTarget "TodoAppCollectionTests" */ = {
			isa = XCConfigurationList;
			buildConfigurations = (
				1CE950562062430A0082A080 /* Debug */,
				1CE950572062430A0082A080 /* Release */,
			);
			defaultConfigurationIsVisible = 0;
			defaultConfigurationName = Release;
		};
		1CE950582062430A0082A080 /* Build configuration list for PBXNativeTarget "TodoAppCollectionUITests" */ = {
			isa = XCConfigurationList;
			buildConfigurations = (
				1CE950592062430A0082A080 /* Debug */,
				1CE9505A2062430A0082A080 /* Release */,
			);
			defaultConfigurationIsVisible = 0;
			defaultConfigurationName = Release;
		};
/* End XCConfigurationList section */

/* Begin XCVersionGroup section */
		1CE950312062430A0082A080 /* TodoAppCollection.xcdatamodeld */ = {
			isa = XCVersionGroup;
			children = (
				1CE950322062430A0082A080 /* TodoAppCollection.xcdatamodel */,
			);
			currentVersion = 1CE950322062430A0082A080 /* TodoAppCollection.xcdatamodel */;
			path = TodoAppCollection.xcdatamodeld;
			sourceTree = "<group>";
			versionGroupType = wrapper.xcdatamodel;
		};
/* End XCVersionGroup section */
	};
	rootObject = 1CE9501F206243090082A080 /* Project object */;
}
